// !$*UTF8*$!
{
	archiveVersion = 1;
	classes = {
	};
	objectVersion = 46;
	objects = {

/* Begin PBXBuildFile section */
		0C12B45F8DC321D4E7F2B71B /* Pods_SuperLachaise.framework in Frameworks */ = {isa = PBXBuildFile; fileRef = 7A33461299EF1C8F422B3C1E /* Pods_SuperLachaise.framework */; };
		556717B11ED201F700C3A0A2 /* AppDelegate.swift in Sources */ = {isa = PBXBuildFile; fileRef = 556717B01ED201F700C3A0A2 /* AppDelegate.swift */; };
		556717B81ED201F700C3A0A2 /* Assets.xcassets in Resources */ = {isa = PBXBuildFile; fileRef = 556717B71ED201F700C3A0A2 /* Assets.xcassets */; };
		556717F21ED2144900C3A0A2 /* SuperLachaiseV1.xcdatamodeld in Sources */ = {isa = PBXBuildFile; fileRef = 556717F01ED2144900C3A0A2 /* SuperLachaiseV1.xcdatamodeld */; };
		556718021ED2567900C3A0A2 /* SuperLachaise.realm in Resources */ = {isa = PBXBuildFile; fileRef = 556718011ED2567900C3A0A2 /* SuperLachaise.realm */; };
		557F1DD51EEBF577007AAE33 /* Category.swift in Sources */ = {isa = PBXBuildFile; fileRef = 557F1DC31EEBF577007AAE33 /* Category.swift */; };
		557F1DD61EEBF577007AAE33 /* CommonsCategory.swift in Sources */ = {isa = PBXBuildFile; fileRef = 557F1DC41EEBF577007AAE33 /* CommonsCategory.swift */; };
		557F1DD71EEBF577007AAE33 /* CommonsFile.swift in Sources */ = {isa = PBXBuildFile; fileRef = 557F1DC51EEBF577007AAE33 /* CommonsFile.swift */; };
		557F1DD81EEBF577007AAE33 /* LocalizedCategory.swift in Sources */ = {isa = PBXBuildFile; fileRef = 557F1DC61EEBF577007AAE33 /* LocalizedCategory.swift */; };
		557F1DD91EEBF577007AAE33 /* LocalizedWikidataEntry.swift in Sources */ = {isa = PBXBuildFile; fileRef = 557F1DC71EEBF577007AAE33 /* LocalizedWikidataEntry.swift */; };
		557F1DDA1EEBF577007AAE33 /* OpenStreetMapElement.swift in Sources */ = {isa = PBXBuildFile; fileRef = 557F1DC81EEBF577007AAE33 /* OpenStreetMapElement.swift */; };
		557F1DDB1EEBF577007AAE33 /* StoreV1NodeIdMapping.swift in Sources */ = {isa = PBXBuildFile; fileRef = 557F1DC91EEBF577007AAE33 /* StoreV1NodeIdMapping.swift */; };
		557F1DDC1EEBF577007AAE33 /* WikidataDate.swift in Sources */ = {isa = PBXBuildFile; fileRef = 557F1DCA1EEBF577007AAE33 /* WikidataDate.swift */; };
		557F1DDD1EEBF577007AAE33 /* WikidataEntry.swift in Sources */ = {isa = PBXBuildFile; fileRef = 557F1DCB1EEBF577007AAE33 /* WikidataEntry.swift */; };
		557F1DDE1EEBF577007AAE33 /* WikipediaPage.swift in Sources */ = {isa = PBXBuildFile; fileRef = 557F1DCC1EEBF577007AAE33 /* WikipediaPage.swift */; };
		557F1DDF1EEBF577007AAE33 /* StarsStore+MigrateFromV1.swift in Sources */ = {isa = PBXBuildFile; fileRef = 557F1DCE1EEBF577007AAE33 /* StarsStore+MigrateFromV1.swift */; };
		557F1DE01EEBF577007AAE33 /* StarsStore.swift in Sources */ = {isa = PBXBuildFile; fileRef = 557F1DCF1EEBF577007AAE33 /* StarsStore.swift */; };
		557F1DE11EEBF577007AAE33 /* LaunchScreen.storyboard in Resources */ = {isa = PBXBuildFile; fileRef = 557F1DD11EEBF577007AAE33 /* LaunchScreen.storyboard */; };
		557F1DE21EEBF577007AAE33 /* Main.storyboard in Resources */ = {isa = PBXBuildFile; fileRef = 557F1DD21EEBF577007AAE33 /* Main.storyboard */; };
		557F1DE31EEBF577007AAE33 /* Store.swift in Sources */ = {isa = PBXBuildFile; fileRef = 557F1DD41EEBF577007AAE33 /* Store.swift */; };
/* End PBXBuildFile section */

/* Begin PBXFileReference section */
		556717AD1ED201F700C3A0A2 /* SuperLachaise.app */ = {isa = PBXFileReference; explicitFileType = wrapper.application; includeInIndex = 0; path = SuperLachaise.app; sourceTree = BUILT_PRODUCTS_DIR; };
		556717B01ED201F700C3A0A2 /* AppDelegate.swift */ = {isa = PBXFileReference; lastKnownFileType = sourcecode.swift; path = AppDelegate.swift; sourceTree = "<group>"; };
		556717B71ED201F700C3A0A2 /* Assets.xcassets */ = {isa = PBXFileReference; lastKnownFileType = folder.assetcatalog; path = Assets.xcassets; sourceTree = "<group>"; };
		556717BC1ED201F700C3A0A2 /* Info.plist */ = {isa = PBXFileReference; lastKnownFileType = text.plist.xml; path = Info.plist; sourceTree = "<group>"; };
		556717F11ED2144900C3A0A2 /* SuperLachaiseV1.xcdatamodel */ = {isa = PBXFileReference; lastKnownFileType = wrapper.xcdatamodel; path = SuperLachaiseV1.xcdatamodel; sourceTree = "<group>"; };
		556718011ED2567900C3A0A2 /* SuperLachaise.realm */ = {isa = PBXFileReference; lastKnownFileType = file; name = SuperLachaise.realm; path = "../../../superlachaise-database/Realm/SuperLachaise.realm"; sourceTree = "<group>"; };
		557F1DC31EEBF577007AAE33 /* Category.swift */ = {isa = PBXFileReference; fileEncoding = 4; lastKnownFileType = sourcecode.swift; path = Category.swift; sourceTree = "<group>"; };
		557F1DC41EEBF577007AAE33 /* CommonsCategory.swift */ = {isa = PBXFileReference; fileEncoding = 4; lastKnownFileType = sourcecode.swift; path = CommonsCategory.swift; sourceTree = "<group>"; };
		557F1DC51EEBF577007AAE33 /* CommonsFile.swift */ = {isa = PBXFileReference; fileEncoding = 4; lastKnownFileType = sourcecode.swift; path = CommonsFile.swift; sourceTree = "<group>"; };
		557F1DC61EEBF577007AAE33 /* LocalizedCategory.swift */ = {isa = PBXFileReference; fileEncoding = 4; lastKnownFileType = sourcecode.swift; path = LocalizedCategory.swift; sourceTree = "<group>"; };
		557F1DC71EEBF577007AAE33 /* LocalizedWikidataEntry.swift */ = {isa = PBXFileReference; fileEncoding = 4; lastKnownFileType = sourcecode.swift; path = LocalizedWikidataEntry.swift; sourceTree = "<group>"; };
		557F1DC81EEBF577007AAE33 /* OpenStreetMapElement.swift */ = {isa = PBXFileReference; fileEncoding = 4; lastKnownFileType = sourcecode.swift; path = OpenStreetMapElement.swift; sourceTree = "<group>"; };
		557F1DC91EEBF577007AAE33 /* StoreV1NodeIdMapping.swift */ = {isa = PBXFileReference; fileEncoding = 4; lastKnownFileType = sourcecode.swift; path = StoreV1NodeIdMapping.swift; sourceTree = "<group>"; };
		557F1DCA1EEBF577007AAE33 /* WikidataDate.swift */ = {isa = PBXFileReference; fileEncoding = 4; lastKnownFileType = sourcecode.swift; path = WikidataDate.swift; sourceTree = "<group>"; };
		557F1DCB1EEBF577007AAE33 /* WikidataEntry.swift */ = {isa = PBXFileReference; fileEncoding = 4; lastKnownFileType = sourcecode.swift; path = WikidataEntry.swift; sourceTree = "<group>"; };
		557F1DCC1EEBF577007AAE33 /* WikipediaPage.swift */ = {isa = PBXFileReference; fileEncoding = 4; lastKnownFileType = sourcecode.swift; path = WikipediaPage.swift; sourceTree = "<group>"; };
		557F1DCE1EEBF577007AAE33 /* StarsStore+MigrateFromV1.swift */ = {isa = PBXFileReference; fileEncoding = 4; lastKnownFileType = sourcecode.swift; path = "StarsStore+MigrateFromV1.swift"; sourceTree = "<group>"; };
		557F1DCF1EEBF577007AAE33 /* StarsStore.swift */ = {isa = PBXFileReference; fileEncoding = 4; lastKnownFileType = sourcecode.swift; path = StarsStore.swift; sourceTree = "<group>"; };
		557F1DD11EEBF577007AAE33 /* LaunchScreen.storyboard */ = {isa = PBXFileReference; fileEncoding = 4; lastKnownFileType = file.storyboard; path = LaunchScreen.storyboard; sourceTree = "<group>"; };
		557F1DD21EEBF577007AAE33 /* Main.storyboard */ = {isa = PBXFileReference; fileEncoding = 4; lastKnownFileType = file.storyboard; path = Main.storyboard; sourceTree = "<group>"; };
		557F1DD41EEBF577007AAE33 /* Store.swift */ = {isa = PBXFileReference; fileEncoding = 4; lastKnownFileType = sourcecode.swift; path = Store.swift; sourceTree = "<group>"; };
		7A33461299EF1C8F422B3C1E /* Pods_SuperLachaise.framework */ = {isa = PBXFileReference; explicitFileType = wrapper.framework; includeInIndex = 0; path = Pods_SuperLachaise.framework; sourceTree = BUILT_PRODUCTS_DIR; };
		C1BD17D8AB76BEC395063267 /* Pods-SuperLachaise.release.xcconfig */ = {isa = PBXFileReference; includeInIndex = 1; lastKnownFileType = text.xcconfig; name = "Pods-SuperLachaise.release.xcconfig"; path = "Pods/Target Support Files/Pods-SuperLachaise/Pods-SuperLachaise.release.xcconfig"; sourceTree = "<group>"; };
		FB4C9EB41C6156D0C8976542 /* Pods-SuperLachaise.debug.xcconfig */ = {isa = PBXFileReference; includeInIndex = 1; lastKnownFileType = text.xcconfig; name = "Pods-SuperLachaise.debug.xcconfig"; path = "Pods/Target Support Files/Pods-SuperLachaise/Pods-SuperLachaise.debug.xcconfig"; sourceTree = "<group>"; };
/* End PBXFileReference section */

/* Begin PBXFrameworksBuildPhase section */
		556717AA1ED201F700C3A0A2 /* Frameworks */ = {
			isa = PBXFrameworksBuildPhase;
			buildActionMask = 2147483647;
			files = (
				0C12B45F8DC321D4E7F2B71B /* Pods_SuperLachaise.framework in Frameworks */,
			);
			runOnlyForDeploymentPostprocessing = 0;
		};
/* End PBXFrameworksBuildPhase section */

/* Begin PBXGroup section */
		1E6A00340E253B401FE4E36D /* Frameworks */ = {
			isa = PBXGroup;
			children = (
				7A33461299EF1C8F422B3C1E /* Pods_SuperLachaise.framework */,
			);
			name = Frameworks;
			sourceTree = "<group>";
		};
		556717A41ED201F700C3A0A2 = {
			isa = PBXGroup;
			children = (
				556717AF1ED201F700C3A0A2 /* SuperLachaise */,
				1E6A00340E253B401FE4E36D /* Frameworks */,
				E6FFBC1DDE575C21CFFE052B /* Pods */,
				556717AE1ED201F700C3A0A2 /* Products */,
			);
			sourceTree = "<group>";
		};
		556717AE1ED201F700C3A0A2 /* Products */ = {
			isa = PBXGroup;
			children = (
				556717AD1ED201F700C3A0A2 /* SuperLachaise.app */,
			);
			name = Products;
			sourceTree = "<group>";
		};
		556717AF1ED201F700C3A0A2 /* SuperLachaise */ = {
			isa = PBXGroup;
			children = (
				556717B01ED201F700C3A0A2 /* AppDelegate.swift */,
				556717B71ED201F700C3A0A2 /* Assets.xcassets */,
				556717BC1ED201F700C3A0A2 /* Info.plist */,
				557F1DC21EEBF577007AAE33 /* Model */,
				556717CA1ED2072D00C3A0A2 /* Resources */,
				557F1DCD1EEBF577007AAE33 /* Stars */,
				557F1DD01EEBF577007AAE33 /* UI */,
				557F1DD31EEBF577007AAE33 /* Utils */,
			);
			path = SuperLachaise;
			sourceTree = "<group>";
		};
		556717CA1ED2072D00C3A0A2 /* Resources */ = {
			isa = PBXGroup;
			children = (
				556718011ED2567900C3A0A2 /* SuperLachaise.realm */,
				556717F01ED2144900C3A0A2 /* SuperLachaiseV1.xcdatamodeld */,
			);
			path = Resources;
			sourceTree = "<group>";
		};
		557F1DC21EEBF577007AAE33 /* Model */ = {
			isa = PBXGroup;
			children = (
				557F1DC31EEBF577007AAE33 /* Category.swift */,
				557F1DC41EEBF577007AAE33 /* CommonsCategory.swift */,
				557F1DC51EEBF577007AAE33 /* CommonsFile.swift */,
				557F1DC61EEBF577007AAE33 /* LocalizedCategory.swift */,
				557F1DC71EEBF577007AAE33 /* LocalizedWikidataEntry.swift */,
				557F1DC81EEBF577007AAE33 /* OpenStreetMapElement.swift */,
				557F1DC91EEBF577007AAE33 /* StoreV1NodeIdMapping.swift */,
				557F1DCA1EEBF577007AAE33 /* WikidataDate.swift */,
				557F1DCB1EEBF577007AAE33 /* WikidataEntry.swift */,
				557F1DCC1EEBF577007AAE33 /* WikipediaPage.swift */,
			);
			path = Model;
			sourceTree = "<group>";
		};
		557F1DCD1EEBF577007AAE33 /* Stars */ = {
			isa = PBXGroup;
			children = (
				557F1DCE1EEBF577007AAE33 /* StarsStore+MigrateFromV1.swift */,
				557F1DCF1EEBF577007AAE33 /* StarsStore.swift */,
			);
			path = Stars;
			sourceTree = "<group>";
		};
		557F1DD01EEBF577007AAE33 /* UI */ = {
			isa = PBXGroup;
			children = (
				557F1DD11EEBF577007AAE33 /* LaunchScreen.storyboard */,
				557F1DD21EEBF577007AAE33 /* Main.storyboard */,
			);
			path = UI;
			sourceTree = "<group>";
		};
		557F1DD31EEBF577007AAE33 /* Utils */ = {
			isa = PBXGroup;
			children = (
				557F1DD41EEBF577007AAE33 /* Store.swift */,
			);
			path = Utils;
			sourceTree = "<group>";
		};
		E6FFBC1DDE575C21CFFE052B /* Pods */ = {
			isa = PBXGroup;
			children = (
				FB4C9EB41C6156D0C8976542 /* Pods-SuperLachaise.debug.xcconfig */,
				C1BD17D8AB76BEC395063267 /* Pods-SuperLachaise.release.xcconfig */,
			);
			name = Pods;
			sourceTree = "<group>";
		};
/* End PBXGroup section */

/* Begin PBXNativeTarget section */
		556717AC1ED201F700C3A0A2 /* SuperLachaise */ = {
			isa = PBXNativeTarget;
			buildConfigurationList = 556717BF1ED201F700C3A0A2 /* Build configuration list for PBXNativeTarget "SuperLachaise" */;
			buildPhases = (
				74604245CB5E2CB318CDBE5A /* [CP] Check Pods Manifest.lock */,
				556717A91ED201F700C3A0A2 /* Sources */,
				556717AA1ED201F700C3A0A2 /* Frameworks */,
				556717AB1ED201F700C3A0A2 /* Resources */,
				233F61380810AA883DA6294F /* [CP] Embed Pods Frameworks */,
				38F5988A4E30130169AD04D5 /* [CP] Copy Pods Resources */,
				55D75B401ED4E838003CD30C /* ShellScript */,
			);
			buildRules = (
			);
			dependencies = (
			);
			name = SuperLachaise;
			productName = SuperLachaise;
			productReference = 556717AD1ED201F700C3A0A2 /* SuperLachaise.app */;
			productType = "com.apple.product-type.application";
		};
/* End PBXNativeTarget section */

/* Begin PBXProject section */
		556717A51ED201F700C3A0A2 /* Project object */ = {
			isa = PBXProject;
			attributes = {
				LastSwiftUpdateCheck = 0830;
				LastUpgradeCheck = 0830;
				TargetAttributes = {
					556717AC1ED201F700C3A0A2 = {
						CreatedOnToolsVersion = 8.3.2;
						DevelopmentTeam = X98LPJ7446;
						ProvisioningStyle = Automatic;
					};
				};
			};
			buildConfigurationList = 556717A81ED201F700C3A0A2 /* Build configuration list for PBXProject "SuperLachaise" */;
			compatibilityVersion = "Xcode 3.2";
			developmentRegion = English;
			hasScannedForEncodings = 0;
			knownRegions = (
				en,
			);
			mainGroup = 556717A41ED201F700C3A0A2;
			productRefGroup = 556717AE1ED201F700C3A0A2 /* Products */;
			projectDirPath = "";
			projectRoot = "";
			targets = (
				556717AC1ED201F700C3A0A2 /* SuperLachaise */,
			);
		};
/* End PBXProject section */

/* Begin PBXResourcesBuildPhase section */
		556717AB1ED201F700C3A0A2 /* Resources */ = {
			isa = PBXResourcesBuildPhase;
			buildActionMask = 2147483647;
			files = (
				557F1DE11EEBF577007AAE33 /* LaunchScreen.storyboard in Resources */,
				556717B81ED201F700C3A0A2 /* Assets.xcassets in Resources */,
				556718021ED2567900C3A0A2 /* SuperLachaise.realm in Resources */,
				557F1DE21EEBF577007AAE33 /* Main.storyboard in Resources */,
			);
			runOnlyForDeploymentPostprocessing = 0;
		};
/* End PBXResourcesBuildPhase section */

/* Begin PBXShellScriptBuildPhase section */
		233F61380810AA883DA6294F /* [CP] Embed Pods Frameworks */ = {
			isa = PBXShellScriptBuildPhase;
			buildActionMask = 2147483647;
			files = (
			);
			inputPaths = (
			);
			name = "[CP] Embed Pods Frameworks";
			outputPaths = (
			);
			runOnlyForDeploymentPostprocessing = 0;
			shellPath = /bin/sh;
			shellScript = "\"${SRCROOT}/Pods/Target Support Files/Pods-SuperLachaise/Pods-SuperLachaise-frameworks.sh\"\n";
			showEnvVarsInLog = 0;
		};
		38F5988A4E30130169AD04D5 /* [CP] Copy Pods Resources */ = {
			isa = PBXShellScriptBuildPhase;
			buildActionMask = 2147483647;
			files = (
			);
			inputPaths = (
			);
			name = "[CP] Copy Pods Resources";
			outputPaths = (
			);
			runOnlyForDeploymentPostprocessing = 0;
			shellPath = /bin/sh;
			shellScript = "\"${SRCROOT}/Pods/Target Support Files/Pods-SuperLachaise/Pods-SuperLachaise-resources.sh\"\n";
			showEnvVarsInLog = 0;
		};
		55D75B401ED4E838003CD30C /* ShellScript */ = {
			isa = PBXShellScriptBuildPhase;
			buildActionMask = 2147483647;
			files = (
			);
			inputPaths = (
			);
			outputPaths = (
			);
			runOnlyForDeploymentPostprocessing = 0;
			shellPath = /bin/sh;
			shellScript = "\"${PODS_ROOT}/SwiftLint/swiftlint\"";
		};
		74604245CB5E2CB318CDBE5A /* [CP] Check Pods Manifest.lock */ = {
			isa = PBXShellScriptBuildPhase;
			buildActionMask = 2147483647;
			files = (
			);
			inputPaths = (
			);
			name = "[CP] Check Pods Manifest.lock";
			outputPaths = (
			);
			runOnlyForDeploymentPostprocessing = 0;
			shellPath = /bin/sh;
			shellScript = "diff \"${PODS_PODFILE_DIR_PATH}/Podfile.lock\" \"${PODS_ROOT}/Manifest.lock\" > /dev/null\nif [ $? != 0 ] ; then\n    # print error to STDERR\n    echo \"error: The sandbox is not in sync with the Podfile.lock. Run 'pod install' or update your CocoaPods installation.\" >&2\n    exit 1\nfi\n";
			showEnvVarsInLog = 0;
		};
/* End PBXShellScriptBuildPhase section */

/* Begin PBXSourcesBuildPhase section */
		556717A91ED201F700C3A0A2 /* Sources */ = {
			isa = PBXSourcesBuildPhase;
			buildActionMask = 2147483647;
			files = (
				557F1DE31EEBF577007AAE33 /* Store.swift in Sources */,
				557F1DD71EEBF577007AAE33 /* CommonsFile.swift in Sources */,
				557F1DE01EEBF577007AAE33 /* StarsStore.swift in Sources */,
				557F1DDC1EEBF577007AAE33 /* WikidataDate.swift in Sources */,
				557F1DDB1EEBF577007AAE33 /* StoreV1NodeIdMapping.swift in Sources */,
				556717B11ED201F700C3A0A2 /* AppDelegate.swift in Sources */,
				557F1DD91EEBF577007AAE33 /* LocalizedWikidataEntry.swift in Sources */,
				556717F21ED2144900C3A0A2 /* SuperLachaiseV1.xcdatamodeld in Sources */,
				557F1DDE1EEBF577007AAE33 /* WikipediaPage.swift in Sources */,
				557F1DD61EEBF577007AAE33 /* CommonsCategory.swift in Sources */,
				557F1DD51EEBF577007AAE33 /* Category.swift in Sources */,
				557F1DDF1EEBF577007AAE33 /* StarsStore+MigrateFromV1.swift in Sources */,
				557F1DDA1EEBF577007AAE33 /* OpenStreetMapElement.swift in Sources */,
				557F1DDD1EEBF577007AAE33 /* WikidataEntry.swift in Sources */,
				557F1DD81EEBF577007AAE33 /* LocalizedCategory.swift in Sources */,
			);
			runOnlyForDeploymentPostprocessing = 0;
		};
/* End PBXSourcesBuildPhase section */

/* Begin XCBuildConfiguration section */
		556717BD1ED201F700C3A0A2 /* Debug */ = {
			isa = XCBuildConfiguration;
			buildSettings = {
				ALWAYS_SEARCH_USER_PATHS = NO;
				CLANG_ANALYZER_NONNULL = YES;
				CLANG_ANALYZER_NUMBER_OBJECT_CONVERSION = YES_AGGRESSIVE;
				CLANG_CXX_LANGUAGE_STANDARD = "gnu++0x";
				CLANG_CXX_LIBRARY = "libc++";
				CLANG_ENABLE_MODULES = YES;
				CLANG_ENABLE_OBJC_ARC = YES;
				CLANG_WARN_BOOL_CONVERSION = YES;
				CLANG_WARN_CONSTANT_CONVERSION = YES;
				CLANG_WARN_DIRECT_OBJC_ISA_USAGE = YES_ERROR;
				CLANG_WARN_DOCUMENTATION_COMMENTS = YES;
				CLANG_WARN_EMPTY_BODY = YES;
				CLANG_WARN_ENUM_CONVERSION = YES;
				CLANG_WARN_INFINITE_RECURSION = YES;
				CLANG_WARN_INT_CONVERSION = YES;
				CLANG_WARN_OBJC_ROOT_CLASS = YES_ERROR;
				CLANG_WARN_SUSPICIOUS_MOVE = YES;
				CLANG_WARN_UNREACHABLE_CODE = YES;
				CLANG_WARN__DUPLICATE_METHOD_MATCH = YES;
				"CODE_SIGN_IDENTITY[sdk=iphoneos*]" = "iPhone Developer";
				COPY_PHASE_STRIP = NO;
				DEBUG_INFORMATION_FORMAT = dwarf;
				ENABLE_STRICT_OBJC_MSGSEND = YES;
				ENABLE_TESTABILITY = YES;
				GCC_C_LANGUAGE_STANDARD = gnu99;
				GCC_DYNAMIC_NO_PIC = NO;
				GCC_NO_COMMON_BLOCKS = YES;
				GCC_OPTIMIZATION_LEVEL = 0;
				GCC_PREPROCESSOR_DEFINITIONS = (
					"DEBUG=1",
					"$(inherited)",
				);
				GCC_WARN_64_TO_32_BIT_CONVERSION = YES;
				GCC_WARN_ABOUT_RETURN_TYPE = YES_ERROR;
				GCC_WARN_UNDECLARED_SELECTOR = YES;
				GCC_WARN_UNINITIALIZED_AUTOS = YES_AGGRESSIVE;
				GCC_WARN_UNUSED_FUNCTION = YES;
				GCC_WARN_UNUSED_VARIABLE = YES;
				IPHONEOS_DEPLOYMENT_TARGET = 10.3;
				MTL_ENABLE_DEBUG_INFO = YES;
				ONLY_ACTIVE_ARCH = YES;
				SDKROOT = iphoneos;
				SWIFT_ACTIVE_COMPILATION_CONDITIONS = DEBUG;
				SWIFT_OPTIMIZATION_LEVEL = "-Onone";
				TARGETED_DEVICE_FAMILY = "1,2";
			};
			name = Debug;
		};
		556717BE1ED201F700C3A0A2 /* Release */ = {
			isa = XCBuildConfiguration;
			buildSettings = {
				ALWAYS_SEARCH_USER_PATHS = NO;
				CLANG_ANALYZER_NONNULL = YES;
				CLANG_ANALYZER_NUMBER_OBJECT_CONVERSION = YES_AGGRESSIVE;
				CLANG_CXX_LANGUAGE_STANDARD = "gnu++0x";
				CLANG_CXX_LIBRARY = "libc++";
				CLANG_ENABLE_MODULES = YES;
				CLANG_ENABLE_OBJC_ARC = YES;
				CLANG_WARN_BOOL_CONVERSION = YES;
				CLANG_WARN_CONSTANT_CONVERSION = YES;
				CLANG_WARN_DIRECT_OBJC_ISA_USAGE = YES_ERROR;
				CLANG_WARN_DOCUMENTATION_COMMENTS = YES;
				CLANG_WARN_EMPTY_BODY = YES;
				CLANG_WARN_ENUM_CONVERSION = YES;
				CLANG_WARN_INFINITE_RECURSION = YES;
				CLANG_WARN_INT_CONVERSION = YES;
				CLANG_WARN_OBJC_ROOT_CLASS = YES_ERROR;
				CLANG_WARN_SUSPICIOUS_MOVE = YES;
				CLANG_WARN_UNREACHABLE_CODE = YES;
				CLANG_WARN__DUPLICATE_METHOD_MATCH = YES;
				"CODE_SIGN_IDENTITY[sdk=iphoneos*]" = "iPhone Developer";
				COPY_PHASE_STRIP = NO;
				DEBUG_INFORMATION_FORMAT = "dwarf-with-dsym";
				ENABLE_NS_ASSERTIONS = NO;
				ENABLE_STRICT_OBJC_MSGSEND = YES;
				GCC_C_LANGUAGE_STANDARD = gnu99;
				GCC_NO_COMMON_BLOCKS = YES;
				GCC_WARN_64_TO_32_BIT_CONVERSION = YES;
				GCC_WARN_ABOUT_RETURN_TYPE = YES_ERROR;
				GCC_WARN_UNDECLARED_SELECTOR = YES;
				GCC_WARN_UNINITIALIZED_AUTOS = YES_AGGRESSIVE;
				GCC_WARN_UNUSED_FUNCTION = YES;
				GCC_WARN_UNUSED_VARIABLE = YES;
				IPHONEOS_DEPLOYMENT_TARGET = 10.3;
				MTL_ENABLE_DEBUG_INFO = NO;
				SDKROOT = iphoneos;
				SWIFT_OPTIMIZATION_LEVEL = "-Owholemodule";
				TARGETED_DEVICE_FAMILY = "1,2";
				VALIDATE_PRODUCT = YES;
			};
			name = Release;
		};
		556717C01ED201F700C3A0A2 /* Debug */ = {
			isa = XCBuildConfiguration;
			baseConfigurationReference = FB4C9EB41C6156D0C8976542 /* Pods-SuperLachaise.debug.xcconfig */;
			buildSettings = {
				ASSETCATALOG_COMPILER_APPICON_NAME = AppIcon;
				DEVELOPMENT_TEAM = X98LPJ7446;
				INFOPLIST_FILE = SuperLachaise/Info.plist;
				LD_RUNPATH_SEARCH_PATHS = "$(inherited) @executable_path/Frameworks";
				PRODUCT_BUNDLE_IDENTIFIER = fr.maximelemoine.SuperLachaise;
				PRODUCT_NAME = "$(TARGET_NAME)";
				SWIFT_VERSION = 3.0;
			};
			name = Debug;
		};
		556717C11ED201F700C3A0A2 /* Release */ = {
			isa = XCBuildConfiguration;
			baseConfigurationReference = C1BD17D8AB76BEC395063267 /* Pods-SuperLachaise.release.xcconfig */;
			buildSettings = {
				ASSETCATALOG_COMPILER_APPICON_NAME = AppIcon;
				DEVELOPMENT_TEAM = X98LPJ7446;
				INFOPLIST_FILE = SuperLachaise/Info.plist;
				LD_RUNPATH_SEARCH_PATHS = "$(inherited) @executable_path/Frameworks";
				PRODUCT_BUNDLE_IDENTIFIER = fr.maximelemoine.SuperLachaise;
				PRODUCT_NAME = "$(TARGET_NAME)";
				SWIFT_VERSION = 3.0;
			};
			name = Release;
		};
/* End XCBuildConfiguration section */

/* Begin XCConfigurationList section */
		556717A81ED201F700C3A0A2 /* Build configuration list for PBXProject "SuperLachaise" */ = {
			isa = XCConfigurationList;
			buildConfigurations = (
				556717BD1ED201F700C3A0A2 /* Debug */,
				556717BE1ED201F700C3A0A2 /* Release */,
			);
			defaultConfigurationIsVisible = 0;
			defaultConfigurationName = Release;
		};
		556717BF1ED201F700C3A0A2 /* Build configuration list for PBXNativeTarget "SuperLachaise" */ = {
			isa = XCConfigurationList;
			buildConfigurations = (
				556717C01ED201F700C3A0A2 /* Debug */,
				556717C11ED201F700C3A0A2 /* Release */,
			);
			defaultConfigurationIsVisible = 0;
			defaultConfigurationName = Release;
		};
/* End XCConfigurationList section */

/* Begin XCVersionGroup section */
		556717F01ED2144900C3A0A2 /* SuperLachaiseV1.xcdatamodeld */ = {
			isa = XCVersionGroup;
			children = (
				556717F11ED2144900C3A0A2 /* SuperLachaiseV1.xcdatamodel */,
			);
			currentVersion = 556717F11ED2144900C3A0A2 /* SuperLachaiseV1.xcdatamodel */;
			path = SuperLachaiseV1.xcdatamodeld;
			sourceTree = "<group>";
			versionGroupType = wrapper.xcdatamodel;
		};
/* End XCVersionGroup section */
	};
	rootObject = 556717A51ED201F700C3A0A2 /* Project object */;
}
